
Microsoft Visual Studio Solution File, Format Version 12.00
# Visual Studio 15
VisualStudioVersion = 15.0.27428.2015
MinimumVisualStudioVersion = 10.0.40219.1
Project("{FAE04EC0-301F-11D3-BF4B-00C04F79EFBC}") = "UUSA.Biz", "UUSA.Biz\UUSA.Biz.csproj", "{EC17DA13-F595-4C6C-8195-50FDFE3D64FA}"
EndProject
Project("{FAE04EC0-301F-11D3-BF4B-00C04F79EFBC}") = "UUSA.Tests", "UUSA.Tests\UUSA.Tests.csproj", "{B51C99F9-F914-41ED-9F89-539D475F2FE4}"
EndProject
Global
	GlobalSection(SolutionConfigurationPlatforms) = preSolution
		Debug|Any CPU = Debug|Any CPU
		Release|Any CPU = Release|Any CPU
	EndGlobalSection
	GlobalSection(ProjectConfigurationPlatforms) = postSolution
		{EC17DA13-F595-4C6C-8195-50FDFE3D64FA}.Debug|Any CPU.ActiveCfg = Debug|Any CPU
		{EC17DA13-F595-4C6C-8195-50FDFE3D64FA}.Debug|Any CPU.Build.0 = Debug|Any CPU
		{EC17DA13-F595-4C6C-8195-50FDFE3D64FA}.Release|Any CPU.ActiveCfg = Release|Any CPU
		{EC17DA13-F595-4C6C-8195-50FDFE3D64FA}.Release|Any CPU.Build.0 = Release|Any CPU
		{B51C99F9-F914-41ED-9F89-539D475F2FE4}.Debug|Any CPU.ActiveCfg = Debug|Any CPU
		{B51C99F9-F914-41ED-9F89-539D475F2FE4}.Debug|Any CPU.Build.0 = Debug|Any CPU
		{B51C99F9-F914-41ED-9F89-539D475F2FE4}.Release|Any CPU.ActiveCfg = Release|Any CPU
		{B51C99F9-F914-41ED-9F89-539D475F2FE4}.Release|Any CPU.Build.0 = Release|Any CPU
	EndGlobalSection
	GlobalSection(SolutionProperties) = preSolution
		HideSolutionNode = FALSE
	EndGlobalSection
	GlobalSection(ExtensibilityGlobals) = postSolution
		SolutionGuid = {00FA7403-8976-4A2D-A2EF-02102E962C90}
	EndGlobalSection
EndGlobal
